// !$*UTF8*$!
{
	archiveVersion = 1;
	classes = {
	};
	objectVersion = 46;
	objects = {

/* Begin PBXBuildFile section */
		E96E7E0B18F89CF900D4920D /* Foundation.framework in Frameworks */ = {isa = PBXBuildFile; fileRef = E96E7E0A18F89CF900D4920D /* Foundation.framework */; };
		E96E7E0D18F89CF900D4920D /* CoreGraphics.framework in Frameworks */ = {isa = PBXBuildFile; fileRef = E96E7E0C18F89CF900D4920D /* CoreGraphics.framework */; };
		E96E7E0F18F89CF900D4920D /* UIKit.framework in Frameworks */ = {isa = PBXBuildFile; fileRef = E96E7E0E18F89CF900D4920D /* UIKit.framework */; };
		E96E7E1518F89CF900D4920D /* InfoPlist.strings in Resources */ = {isa = PBXBuildFile; fileRef = E96E7E1318F89CF900D4920D /* InfoPlist.strings */; };
		E96E7E1718F89CF900D4920D /* main.m in Sources */ = {isa = PBXBuildFile; fileRef = E96E7E1618F89CF900D4920D /* main.m */; };
		E96E7E1B18F89CF900D4920D /* AppDelegate.m in Sources */ = {isa = PBXBuildFile; fileRef = E96E7E1A18F89CF900D4920D /* AppDelegate.m */; };
		E96E7E1E18F89CF900D4920D /* Main.storyboard in Resources */ = {isa = PBXBuildFile; fileRef = E96E7E1C18F89CF900D4920D /* Main.storyboard */; };
		E96E7E2118F89CF900D4920D /* SearchViewController.m in Sources */ = {isa = PBXBuildFile; fileRef = E96E7E2018F89CF900D4920D /* SearchViewController.m */; };
		E96E7E2318F89CF900D4920D /* Images.xcassets in Resources */ = {isa = PBXBuildFile; fileRef = E96E7E2218F89CF900D4920D /* Images.xcassets */; };
		E96E7E2A18F89CF900D4920D /* XCTest.framework in Frameworks */ = {isa = PBXBuildFile; fileRef = E96E7E2918F89CF900D4920D /* XCTest.framework */; };
		E96E7E2B18F89CF900D4920D /* Foundation.framework in Frameworks */ = {isa = PBXBuildFile; fileRef = E96E7E0A18F89CF900D4920D /* Foundation.framework */; };
		E96E7E2C18F89CF900D4920D /* UIKit.framework in Frameworks */ = {isa = PBXBuildFile; fileRef = E96E7E0E18F89CF900D4920D /* UIKit.framework */; };
		E96E7E3418F89CF900D4920D /* InfoPlist.strings in Resources */ = {isa = PBXBuildFile; fileRef = E96E7E3218F89CF900D4920D /* InfoPlist.strings */; };
		E96E7E3618F89CF900D4920D /* JamesSmithTests.m in Sources */ = {isa = PBXBuildFile; fileRef = E96E7E3518F89CF900D4920D /* JamesSmithTests.m */; };
		E97F5A1418F8A12100E2EF27 /* AutocompleteAPI.m in Sources */ = {isa = PBXBuildFile; fileRef = E97F5A1318F8A12100E2EF27 /* AutocompleteAPI.m */; };
		E97F5A1718F8B0F000E2EF27 /* SuggestionCell.m in Sources */ = {isa = PBXBuildFile; fileRef = E97F5A1618F8B0F000E2EF27 /* SuggestionCell.m */; };
		E97F5A1D18F8B52300E2EF27 /* ResultsViewController.m in Sources */ = {isa = PBXBuildFile; fileRef = E97F5A1C18F8B52300E2EF27 /* ResultsViewController.m */; };
		E97F5A2018F8B53900E2EF27 /* SearchAPI.m in Sources */ = {isa = PBXBuildFile; fileRef = E97F5A1F18F8B53900E2EF27 /* SearchAPI.m */; };
		E97F5A2318F8B90100E2EF27 /* Utils.m in Sources */ = {isa = PBXBuildFile; fileRef = E97F5A2218F8B90100E2EF27 /* Utils.m */; };
		E97F5A2918F8C13100E2EF27 /* NSData+Base64.m in Sources */ = {isa = PBXBuildFile; fileRef = E97F5A2818F8C13100E2EF27 /* NSData+Base64.m */; };
		E97F5A2C18F8C55D00E2EF27 /* BingSearchResult.m in Sources */ = {isa = PBXBuildFile; fileRef = E97F5A2B18F8C55D00E2EF27 /* BingSearchResult.m */; };
		E97F5A2F18F8CF0F00E2EF27 /* ResultCell.m in Sources */ = {isa = PBXBuildFile; fileRef = E97F5A2E18F8CF0F00E2EF27 /* ResultCell.m */; };
		E97F5A3318F8D4A900E2EF27 /* WebViewController.m in Sources */ = {isa = PBXBuildFile; fileRef = E97F5A3218F8D4A900E2EF27 /* WebViewController.m */; };
		E97F5A3818F8D9FF00E2EF27 /* back_arrow.png in Resources */ = {isa = PBXBuildFile; fileRef = E97F5A3418F8D9FF00E2EF27 /* back_arrow.png */; };
		E97F5A3918F8D9FF00E2EF27 /* back_arrow@2x.png in Resources */ = {isa = PBXBuildFile; fileRef = E97F5A3518F8D9FF00E2EF27 /* back_arrow@2x.png */; };
		E97F5A3A18F8D9FF00E2EF27 /* forward_arrow.png in Resources */ = {isa = PBXBuildFile; fileRef = E97F5A3618F8D9FF00E2EF27 /* forward_arrow.png */; };
		E97F5A3B18F8D9FF00E2EF27 /* forward_arrow@2x.png in Resources */ = {isa = PBXBuildFile; fileRef = E97F5A3718F8D9FF00E2EF27 /* forward_arrow@2x.png */; };
		E97F5A3F18F8DC2E00E2EF27 /* NSArray+reversedArray.m in Sources */ = {isa = PBXBuildFile; fileRef = E97F5A3E18F8DC2E00E2EF27 /* NSArray+reversedArray.m */; };
		E97F5A4618F8DFF800E2EF27 /* PushBackTransition.m in Sources */ = {isa = PBXBuildFile; fileRef = E97F5A4518F8DFF800E2EF27 /* PushBackTransition.m */; };
		E97F5A4918F8E2AF00E2EF27 /* PanInteractiveTransitionController.m in Sources */ = {isa = PBXBuildFile; fileRef = E97F5A4818F8E2AF00E2EF27 /* PanInteractiveTransitionController.m */; };
		E9A9E07218F9F8450092E355 /* NJKWebViewProgress.m in Sources */ = {isa = PBXBuildFile; fileRef = E9A9E06F18F9F8450092E355 /* NJKWebViewProgress.m */; };
		E9A9E07318F9F8450092E355 /* NJKWebViewProgressView.m in Sources */ = {isa = PBXBuildFile; fileRef = E9A9E07118F9F8450092E355 /* NJKWebViewProgressView.m */; };
/* End PBXBuildFile section */

/* Begin PBXContainerItemProxy section */
		E96E7E2D18F89CF900D4920D /* PBXContainerItemProxy */ = {
			isa = PBXContainerItemProxy;
			containerPortal = E96E7DFF18F89CF900D4920D /* Project object */;
			proxyType = 1;
			remoteGlobalIDString = E96E7E0618F89CF900D4920D;
			remoteInfo = JamesSmith;
		};
/* End PBXContainerItemProxy section */

/* Begin PBXFileReference section */
		E96E7E0718F89CF900D4920D /* JamesSmith.app */ = {isa = PBXFileReference; explicitFileType = wrapper.application; includeInIndex = 0; path = JamesSmith.app; sourceTree = BUILT_PRODUCTS_DIR; };
		E96E7E0A18F89CF900D4920D /* Foundation.framework */ = {isa = PBXFileReference; lastKnownFileType = wrapper.framework; name = Foundation.framework; path = System/Library/Frameworks/Foundation.framework; sourceTree = SDKROOT; };
		E96E7E0C18F89CF900D4920D /* CoreGraphics.framework */ = {isa = PBXFileReference; lastKnownFileType = wrapper.framework; name = CoreGraphics.framework; path = System/Library/Frameworks/CoreGraphics.framework; sourceTree = SDKROOT; };
		E96E7E0E18F89CF900D4920D /* UIKit.framework */ = {isa = PBXFileReference; lastKnownFileType = wrapper.framework; name = UIKit.framework; path = System/Library/Frameworks/UIKit.framework; sourceTree = SDKROOT; };
		E96E7E1218F89CF900D4920D /* JamesSmith-Info.plist */ = {isa = PBXFileReference; lastKnownFileType = text.plist.xml; path = "JamesSmith-Info.plist"; sourceTree = "<group>"; };
		E96E7E1418F89CF900D4920D /* en */ = {isa = PBXFileReference; lastKnownFileType = text.plist.strings; name = en; path = en.lproj/InfoPlist.strings; sourceTree = "<group>"; };
		E96E7E1618F89CF900D4920D /* main.m */ = {isa = PBXFileReference; lastKnownFileType = sourcecode.c.objc; path = main.m; sourceTree = "<group>"; };
		E96E7E1818F89CF900D4920D /* JamesSmith-Prefix.pch */ = {isa = PBXFileReference; lastKnownFileType = sourcecode.c.h; path = "JamesSmith-Prefix.pch"; sourceTree = "<group>"; };
		E96E7E1918F89CF900D4920D /* AppDelegate.h */ = {isa = PBXFileReference; lastKnownFileType = sourcecode.c.h; path = AppDelegate.h; sourceTree = "<group>"; };
		E96E7E1A18F89CF900D4920D /* AppDelegate.m */ = {isa = PBXFileReference; lastKnownFileType = sourcecode.c.objc; path = AppDelegate.m; sourceTree = "<group>"; };
		E96E7E1D18F89CF900D4920D /* Base */ = {isa = PBXFileReference; lastKnownFileType = file.storyboard; name = Base; path = Base.lproj/Main.storyboard; sourceTree = "<group>"; };
		E96E7E1F18F89CF900D4920D /* SearchViewController.h */ = {isa = PBXFileReference; lastKnownFileType = sourcecode.c.h; path = SearchViewController.h; sourceTree = "<group>"; };
		E96E7E2018F89CF900D4920D /* SearchViewController.m */ = {isa = PBXFileReference; lastKnownFileType = sourcecode.c.objc; path = SearchViewController.m; sourceTree = "<group>"; };
		E96E7E2218F89CF900D4920D /* Images.xcassets */ = {isa = PBXFileReference; lastKnownFileType = folder.assetcatalog; path = Images.xcassets; sourceTree = "<group>"; };
		E96E7E2818F89CF900D4920D /* JamesSmithTests.xctest */ = {isa = PBXFileReference; explicitFileType = wrapper.cfbundle; includeInIndex = 0; path = JamesSmithTests.xctest; sourceTree = BUILT_PRODUCTS_DIR; };
		E96E7E2918F89CF900D4920D /* XCTest.framework */ = {isa = PBXFileReference; lastKnownFileType = wrapper.framework; name = XCTest.framework; path = Library/Frameworks/XCTest.framework; sourceTree = DEVELOPER_DIR; };
		E96E7E3118F89CF900D4920D /* JamesSmithTests-Info.plist */ = {isa = PBXFileReference; lastKnownFileType = text.plist.xml; path = "JamesSmithTests-Info.plist"; sourceTree = "<group>"; };
		E96E7E3318F89CF900D4920D /* en */ = {isa = PBXFileReference; lastKnownFileType = text.plist.strings; name = en; path = en.lproj/InfoPlist.strings; sourceTree = "<group>"; };
		E96E7E3518F89CF900D4920D /* JamesSmithTests.m */ = {isa = PBXFileReference; lastKnownFileType = sourcecode.c.objc; path = JamesSmithTests.m; sourceTree = "<group>"; };
		E97F5A1218F8A12100E2EF27 /* AutocompleteAPI.h */ = {isa = PBXFileReference; fileEncoding = 4; lastKnownFileType = sourcecode.c.h; path = AutocompleteAPI.h; sourceTree = "<group>"; };
		E97F5A1318F8A12100E2EF27 /* AutocompleteAPI.m */ = {isa = PBXFileReference; fileEncoding = 4; lastKnownFileType = sourcecode.c.objc; path = AutocompleteAPI.m; sourceTree = "<group>"; };
		E97F5A1518F8B0F000E2EF27 /* SuggestionCell.h */ = {isa = PBXFileReference; fileEncoding = 4; lastKnownFileType = sourcecode.c.h; path = SuggestionCell.h; sourceTree = "<group>"; };
		E97F5A1618F8B0F000E2EF27 /* SuggestionCell.m */ = {isa = PBXFileReference; fileEncoding = 4; lastKnownFileType = sourcecode.c.objc; path = SuggestionCell.m; sourceTree = "<group>"; };
		E97F5A1B18F8B52300E2EF27 /* ResultsViewController.h */ = {isa = PBXFileReference; fileEncoding = 4; lastKnownFileType = sourcecode.c.h; path = ResultsViewController.h; sourceTree = "<group>"; };
		E97F5A1C18F8B52300E2EF27 /* ResultsViewController.m */ = {isa = PBXFileReference; fileEncoding = 4; lastKnownFileType = sourcecode.c.objc; path = ResultsViewController.m; sourceTree = "<group>"; };
		E97F5A1E18F8B53900E2EF27 /* SearchAPI.h */ = {isa = PBXFileReference; fileEncoding = 4; lastKnownFileType = sourcecode.c.h; path = SearchAPI.h; sourceTree = "<group>"; };
		E97F5A1F18F8B53900E2EF27 /* SearchAPI.m */ = {isa = PBXFileReference; fileEncoding = 4; lastKnownFileType = sourcecode.c.objc; path = SearchAPI.m; sourceTree = "<group>"; };
		E97F5A2118F8B90100E2EF27 /* Utils.h */ = {isa = PBXFileReference; fileEncoding = 4; lastKnownFileType = sourcecode.c.h; path = Utils.h; sourceTree = "<group>"; };
		E97F5A2218F8B90100E2EF27 /* Utils.m */ = {isa = PBXFileReference; fileEncoding = 4; lastKnownFileType = sourcecode.c.objc; path = Utils.m; sourceTree = "<group>"; };
		E97F5A2718F8C13100E2EF27 /* NSData+Base64.h */ = {isa = PBXFileReference; fileEncoding = 4; lastKnownFileType = sourcecode.c.h; path = "NSData+Base64.h"; sourceTree = "<group>"; };
		E97F5A2818F8C13100E2EF27 /* NSData+Base64.m */ = {isa = PBXFileReference; fileEncoding = 4; lastKnownFileType = sourcecode.c.objc; path = "NSData+Base64.m"; sourceTree = "<group>"; };
		E97F5A2A18F8C55D00E2EF27 /* BingSearchResult.h */ = {isa = PBXFileReference; fileEncoding = 4; lastKnownFileType = sourcecode.c.h; path = BingSearchResult.h; sourceTree = "<group>"; };
		E97F5A2B18F8C55D00E2EF27 /* BingSearchResult.m */ = {isa = PBXFileReference; fileEncoding = 4; lastKnownFileType = sourcecode.c.objc; path = BingSearchResult.m; sourceTree = "<group>"; };
		E97F5A2D18F8CF0F00E2EF27 /* ResultCell.h */ = {isa = PBXFileReference; fileEncoding = 4; lastKnownFileType = sourcecode.c.h; path = ResultCell.h; sourceTree = "<group>"; };
		E97F5A2E18F8CF0F00E2EF27 /* ResultCell.m */ = {isa = PBXFileReference; fileEncoding = 4; lastKnownFileType = sourcecode.c.objc; path = ResultCell.m; sourceTree = "<group>"; };
		E97F5A3118F8D4A900E2EF27 /* WebViewController.h */ = {isa = PBXFileReference; fileEncoding = 4; lastKnownFileType = sourcecode.c.h; path = WebViewController.h; sourceTree = "<group>"; };
		E97F5A3218F8D4A900E2EF27 /* WebViewController.m */ = {isa = PBXFileReference; fileEncoding = 4; lastKnownFileType = sourcecode.c.objc; path = WebViewController.m; sourceTree = "<group>"; };
		E97F5A3418F8D9FF00E2EF27 /* back_arrow.png */ = {isa = PBXFileReference; lastKnownFileType = image.png; path = back_arrow.png; sourceTree = "<group>"; };
		E97F5A3518F8D9FF00E2EF27 /* back_arrow@2x.png */ = {isa = PBXFileReference; lastKnownFileType = image.png; path = "back_arrow@2x.png"; sourceTree = "<group>"; };
		E97F5A3618F8D9FF00E2EF27 /* forward_arrow.png */ = {isa = PBXFileReference; lastKnownFileType = image.png; path = forward_arrow.png; sourceTree = "<group>"; };
		E97F5A3718F8D9FF00E2EF27 /* forward_arrow@2x.png */ = {isa = PBXFileReference; lastKnownFileType = image.png; path = "forward_arrow@2x.png"; sourceTree = "<group>"; };
		E97F5A3D18F8DC2E00E2EF27 /* NSArray+reversedArray.h */ = {isa = PBXFileReference; fileEncoding = 4; lastKnownFileType = sourcecode.c.h; path = "NSArray+reversedArray.h"; sourceTree = "<group>"; };
		E97F5A3E18F8DC2E00E2EF27 /* NSArray+reversedArray.m */ = {isa = PBXFileReference; fileEncoding = 4; lastKnownFileType = sourcecode.c.objc; path = "NSArray+reversedArray.m"; sourceTree = "<group>"; };
		E97F5A4418F8DFF800E2EF27 /* PushBackTransition.h */ = {isa = PBXFileReference; fileEncoding = 4; lastKnownFileType = sourcecode.c.h; path = PushBackTransition.h; sourceTree = "<group>"; };
		E97F5A4518F8DFF800E2EF27 /* PushBackTransition.m */ = {isa = PBXFileReference; fileEncoding = 4; lastKnownFileType = sourcecode.c.objc; path = PushBackTransition.m; sourceTree = "<group>"; };
		E97F5A4718F8E2AF00E2EF27 /* PanInteractiveTransitionController.h */ = {isa = PBXFileReference; fileEncoding = 4; lastKnownFileType = sourcecode.c.h; path = PanInteractiveTransitionController.h; sourceTree = "<group>"; };
		E97F5A4818F8E2AF00E2EF27 /* PanInteractiveTransitionController.m */ = {isa = PBXFileReference; fileEncoding = 4; lastKnownFileType = sourcecode.c.objc; path = PanInteractiveTransitionController.m; sourceTree = "<group>"; };
		E9A9E06E18F9F8450092E355 /* NJKWebViewProgress.h */ = {isa = PBXFileReference; fileEncoding = 4; lastKnownFileType = sourcecode.c.h; path = NJKWebViewProgress.h; sourceTree = "<group>"; };
		E9A9E06F18F9F8450092E355 /* NJKWebViewProgress.m */ = {isa = PBXFileReference; fileEncoding = 4; lastKnownFileType = sourcecode.c.objc; path = NJKWebViewProgress.m; sourceTree = "<group>"; };
		E9A9E07018F9F8450092E355 /* NJKWebViewProgressView.h */ = {isa = PBXFileReference; fileEncoding = 4; lastKnownFileType = sourcecode.c.h; path = NJKWebViewProgressView.h; sourceTree = "<group>"; };
		E9A9E07118F9F8450092E355 /* NJKWebViewProgressView.m */ = {isa = PBXFileReference; fileEncoding = 4; lastKnownFileType = sourcecode.c.objc; path = NJKWebViewProgressView.m; sourceTree = "<group>"; };
/* End PBXFileReference section */

/* Begin PBXFrameworksBuildPhase section */
		E96E7E0418F89CF900D4920D /* Frameworks */ = {
			isa = PBXFrameworksBuildPhase;
			buildActionMask = 2147483647;
			files = (
				E96E7E0D18F89CF900D4920D /* CoreGraphics.framework in Frameworks */,
				E96E7E0F18F89CF900D4920D /* UIKit.framework in Frameworks */,
				E96E7E0B18F89CF900D4920D /* Foundation.framework in Frameworks */,
			);
			runOnlyForDeploymentPostprocessing = 0;
		};
		E96E7E2518F89CF900D4920D /* Frameworks */ = {
			isa = PBXFrameworksBuildPhase;
			buildActionMask = 2147483647;
			files = (
				E96E7E2A18F89CF900D4920D /* XCTest.framework in Frameworks */,
				E96E7E2C18F89CF900D4920D /* UIKit.framework in Frameworks */,
				E96E7E2B18F89CF900D4920D /* Foundation.framework in Frameworks */,
			);
			runOnlyForDeploymentPostprocessing = 0;
		};
/* End PBXFrameworksBuildPhase section */

/* Begin PBXGroup section */
		E96E7DFE18F89CF900D4920D = {
			isa = PBXGroup;
			children = (
				E96E7E1018F89CF900D4920D /* JamesSmith */,
				E96E7E2F18F89CF900D4920D /* JamesSmithTests */,
				E96E7E0918F89CF900D4920D /* Frameworks */,
				E96E7E0818F89CF900D4920D /* Products */,
			);
			sourceTree = "<group>";
		};
		E96E7E0818F89CF900D4920D /* Products */ = {
			isa = PBXGroup;
			children = (
				E96E7E0718F89CF900D4920D /* JamesSmith.app */,
				E96E7E2818F89CF900D4920D /* JamesSmithTests.xctest */,
			);
			name = Products;
			sourceTree = "<group>";
		};
		E96E7E0918F89CF900D4920D /* Frameworks */ = {
			isa = PBXGroup;
			children = (
				E96E7E0A18F89CF900D4920D /* Foundation.framework */,
				E96E7E0C18F89CF900D4920D /* CoreGraphics.framework */,
				E96E7E0E18F89CF900D4920D /* UIKit.framework */,
				E96E7E2918F89CF900D4920D /* XCTest.framework */,
			);
			name = Frameworks;
			sourceTree = "<group>";
		};
		E96E7E1018F89CF900D4920D /* JamesSmith */ = {
			isa = PBXGroup;
			children = (
				E96E7E1918F89CF900D4920D /* AppDelegate.h */,
				E96E7E1A18F89CF900D4920D /* AppDelegate.m */,
				E96E7E1C18F89CF900D4920D /* Main.storyboard */,
				E97F5A1818F8B0F600E2EF27 /* Views */,
				E97F5A1918F8B16200E2EF27 /* Models */,
				E97F5A1A18F8B50500E2EF27 /* Controllers */,
				E97F5A4018F8DE6B00E2EF27 /* Transitions */,
				E96E7E1118F89CF900D4920D /* Supporting Files */,
			);
			path = JamesSmith;
			sourceTree = "<group>";
		};
		E96E7E1118F89CF900D4920D /* Supporting Files */ = {
			isa = PBXGroup;
			children = (
				E9A9E06C18F9F7E40092E355 /* Libraries */,
				E97F5A3C18F8DA1100E2EF27 /* Images */,
				E97F5A3018F8D47100E2EF27 /* Categories */,
				E97F5A2118F8B90100E2EF27 /* Utils.h */,
				E97F5A2218F8B90100E2EF27 /* Utils.m */,
				E96E7E2218F89CF900D4920D /* Images.xcassets */,
				E96E7E1218F89CF900D4920D /* JamesSmith-Info.plist */,
				E96E7E1318F89CF900D4920D /* InfoPlist.strings */,
				E96E7E1618F89CF900D4920D /* main.m */,
				E96E7E1818F89CF900D4920D /* JamesSmith-Prefix.pch */,
			);
			name = "Supporting Files";
			sourceTree = "<group>";
		};
		E96E7E2F18F89CF900D4920D /* JamesSmithTests */ = {
			isa = PBXGroup;
			children = (
				E96E7E3518F89CF900D4920D /* JamesSmithTests.m */,
				E96E7E3018F89CF900D4920D /* Supporting Files */,
			);
			path = JamesSmithTests;
			sourceTree = "<group>";
		};
		E96E7E3018F89CF900D4920D /* Supporting Files */ = {
			isa = PBXGroup;
			children = (
				E96E7E3118F89CF900D4920D /* JamesSmithTests-Info.plist */,
				E96E7E3218F89CF900D4920D /* InfoPlist.strings */,
			);
			name = "Supporting Files";
			sourceTree = "<group>";
		};
		E97F5A1818F8B0F600E2EF27 /* Views */ = {
			isa = PBXGroup;
			children = (
				E97F5A1518F8B0F000E2EF27 /* SuggestionCell.h */,
				E97F5A1618F8B0F000E2EF27 /* SuggestionCell.m */,
				E97F5A2D18F8CF0F00E2EF27 /* ResultCell.h */,
				E97F5A2E18F8CF0F00E2EF27 /* ResultCell.m */,
			);
			name = Views;
			sourceTree = "<group>";
		};
		E97F5A1918F8B16200E2EF27 /* Models */ = {
			isa = PBXGroup;
			children = (
				E97F5A1218F8A12100E2EF27 /* AutocompleteAPI.h */,
				E97F5A1318F8A12100E2EF27 /* AutocompleteAPI.m */,
				E97F5A1E18F8B53900E2EF27 /* SearchAPI.h */,
				E97F5A1F18F8B53900E2EF27 /* SearchAPI.m */,
				E97F5A2A18F8C55D00E2EF27 /* BingSearchResult.h */,
				E97F5A2B18F8C55D00E2EF27 /* BingSearchResult.m */,
			);
			name = Models;
			sourceTree = "<group>";
		};
		E97F5A1A18F8B50500E2EF27 /* Controllers */ = {
			isa = PBXGroup;
			children = (
				E96E7E1F18F89CF900D4920D /* SearchViewController.h */,
				E96E7E2018F89CF900D4920D /* SearchViewController.m */,
				E97F5A1B18F8B52300E2EF27 /* ResultsViewController.h */,
				E97F5A1C18F8B52300E2EF27 /* ResultsViewController.m */,
				E97F5A3118F8D4A900E2EF27 /* WebViewController.h */,
				E97F5A3218F8D4A900E2EF27 /* WebViewController.m */,
			);
			name = Controllers;
			sourceTree = "<group>";
		};
		E97F5A3018F8D47100E2EF27 /* Categories */ = {
			isa = PBXGroup;
			children = (
				E97F5A2718F8C13100E2EF27 /* NSData+Base64.h */,
				E97F5A2818F8C13100E2EF27 /* NSData+Base64.m */,
				E97F5A3D18F8DC2E00E2EF27 /* NSArray+reversedArray.h */,
				E97F5A3E18F8DC2E00E2EF27 /* NSArray+reversedArray.m */,
			);
			name = Categories;
			sourceTree = "<group>";
		};
		E97F5A3C18F8DA1100E2EF27 /* Images */ = {
			isa = PBXGroup;
			children = (
				E97F5A3418F8D9FF00E2EF27 /* back_arrow.png */,
				E97F5A3518F8D9FF00E2EF27 /* back_arrow@2x.png */,
				E97F5A3618F8D9FF00E2EF27 /* forward_arrow.png */,
				E97F5A3718F8D9FF00E2EF27 /* forward_arrow@2x.png */,
			);
			name = Images;
			sourceTree = "<group>";
		};
		E97F5A4018F8DE6B00E2EF27 /* Transitions */ = {
			isa = PBXGroup;
			children = (
				E97F5A4418F8DFF800E2EF27 /* PushBackTransition.h */,
				E97F5A4518F8DFF800E2EF27 /* PushBackTransition.m */,
				E97F5A4718F8E2AF00E2EF27 /* PanInteractiveTransitionController.h */,
				E97F5A4818F8E2AF00E2EF27 /* PanInteractiveTransitionController.m */,
			);
			name = Transitions;
			sourceTree = "<group>";
		};
		E9A9E06C18F9F7E40092E355 /* Libraries */ = {
			isa = PBXGroup;
			children = (
				E9A9E06D18F9F8450092E355 /* NJKWebViewProgress */,
			);
			name = Libraries;
			sourceTree = "<group>";
		};
		E9A9E06D18F9F8450092E355 /* NJKWebViewProgress */ = {
			isa = PBXGroup;
			children = (
				E9A9E06E18F9F8450092E355 /* NJKWebViewProgress.h */,
				E9A9E06F18F9F8450092E355 /* NJKWebViewProgress.m */,
				E9A9E07018F9F8450092E355 /* NJKWebViewProgressView.h */,
				E9A9E07118F9F8450092E355 /* NJKWebViewProgressView.m */,
			);
			path = NJKWebViewProgress;
			sourceTree = "<group>";
		};
/* End PBXGroup section */

/* Begin PBXNativeTarget section */
		E96E7E0618F89CF900D4920D /* JamesSmith */ = {
			isa = PBXNativeTarget;
			buildConfigurationList = E96E7E3918F89CF900D4920D /* Build configuration list for PBXNativeTarget "JamesSmith" */;
			buildPhases = (
				E96E7E0318F89CF900D4920D /* Sources */,
				E96E7E0418F89CF900D4920D /* Frameworks */,
				E96E7E0518F89CF900D4920D /* Resources */,
			);
			buildRules = (
			);
			dependencies = (
			);
			name = JamesSmith;
			productName = JamesSmith;
			productReference = E96E7E0718F89CF900D4920D /* JamesSmith.app */;
			productType = "com.apple.product-type.application";
		};
		E96E7E2718F89CF900D4920D /* JamesSmithTests */ = {
			isa = PBXNativeTarget;
			buildConfigurationList = E96E7E3C18F89CF900D4920D /* Build configuration list for PBXNativeTarget "JamesSmithTests" */;
			buildPhases = (
				E96E7E2418F89CF900D4920D /* Sources */,
				E96E7E2518F89CF900D4920D /* Frameworks */,
				E96E7E2618F89CF900D4920D /* Resources */,
			);
			buildRules = (
			);
			dependencies = (
				E96E7E2E18F89CF900D4920D /* PBXTargetDependency */,
			);
			name = JamesSmithTests;
			productName = JamesSmithTests;
			productReference = E96E7E2818F89CF900D4920D /* JamesSmithTests.xctest */;
			productType = "com.apple.product-type.bundle.unit-test";
		};
/* End PBXNativeTarget section */

/* Begin PBXProject section */
		E96E7DFF18F89CF900D4920D /* Project object */ = {
			isa = PBXProject;
			attributes = {
				LastUpgradeCheck = 0510;
				ORGANIZATIONNAME = "James Smith";
				TargetAttributes = {
					E96E7E2718F89CF900D4920D = {
						TestTargetID = E96E7E0618F89CF900D4920D;
					};
				};
			};
			buildConfigurationList = E96E7E0218F89CF900D4920D /* Build configuration list for PBXProject "JamesSmith" */;
			compatibilityVersion = "Xcode 3.2";
			developmentRegion = English;
			hasScannedForEncodings = 0;
			knownRegions = (
				en,
				Base,
			);
			mainGroup = E96E7DFE18F89CF900D4920D;
			productRefGroup = E96E7E0818F89CF900D4920D /* Products */;
			projectDirPath = "";
			projectRoot = "";
			targets = (
				E96E7E0618F89CF900D4920D /* JamesSmith */,
				E96E7E2718F89CF900D4920D /* JamesSmithTests */,
			);
		};
/* End PBXProject section */

/* Begin PBXResourcesBuildPhase section */
		E96E7E0518F89CF900D4920D /* Resources */ = {
			isa = PBXResourcesBuildPhase;
			buildActionMask = 2147483647;
			files = (
				E97F5A3B18F8D9FF00E2EF27 /* forward_arrow@2x.png in Resources */,
				E97F5A3818F8D9FF00E2EF27 /* back_arrow.png in Resources */,
				E97F5A3A18F8D9FF00E2EF27 /* forward_arrow.png in Resources */,
				E97F5A3918F8D9FF00E2EF27 /* back_arrow@2x.png in Resources */,
				E96E7E2318F89CF900D4920D /* Images.xcassets in Resources */,
				E96E7E1518F89CF900D4920D /* InfoPlist.strings in Resources */,
				E96E7E1E18F89CF900D4920D /* Main.storyboard in Resources */,
			);
			runOnlyForDeploymentPostprocessing = 0;
		};
		E96E7E2618F89CF900D4920D /* Resources */ = {
			isa = PBXResourcesBuildPhase;
			buildActionMask = 2147483647;
			files = (
				E96E7E3418F89CF900D4920D /* InfoPlist.strings in Resources */,
			);
			runOnlyForDeploymentPostprocessing = 0;
		};
/* End PBXResourcesBuildPhase section */

/* Begin PBXSourcesBuildPhase section */
		E96E7E0318F89CF900D4920D /* Sources */ = {
			isa = PBXSourcesBuildPhase;
			buildActionMask = 2147483647;
			files = (
				E97F5A2C18F8C55D00E2EF27 /* BingSearchResult.m in Sources */,
				E97F5A1418F8A12100E2EF27 /* AutocompleteAPI.m in Sources */,
				E96E7E2118F89CF900D4920D /* SearchViewController.m in Sources */,
				E9A9E07218F9F8450092E355 /* NJKWebViewProgress.m in Sources */,
				E96E7E1B18F89CF900D4920D /* AppDelegate.m in Sources */,
				E97F5A2318F8B90100E2EF27 /* Utils.m in Sources */,
				E97F5A4618F8DFF800E2EF27 /* PushBackTransition.m in Sources */,
				E9A9E07318F9F8450092E355 /* NJKWebViewProgressView.m in Sources */,
				E97F5A4918F8E2AF00E2EF27 /* PanInteractiveTransitionController.m in Sources */,
				E97F5A2018F8B53900E2EF27 /* SearchAPI.m in Sources */,
				E97F5A1D18F8B52300E2EF27 /* ResultsViewController.m in Sources */,
				E97F5A3318F8D4A900E2EF27 /* WebViewController.m in Sources */,
				E96E7E1718F89CF900D4920D /* main.m in Sources */,
				E97F5A1718F8B0F000E2EF27 /* SuggestionCell.m in Sources */,
				E97F5A2918F8C13100E2EF27 /* NSData+Base64.m in Sources */,
				E97F5A2F18F8CF0F00E2EF27 /* ResultCell.m in Sources */,
				E97F5A3F18F8DC2E00E2EF27 /* NSArray+reversedArray.m in Sources */,
			);
			runOnlyForDeploymentPostprocessing = 0;
		};
		E96E7E2418F89CF900D4920D /* Sources */ = {
			isa = PBXSourcesBuildPhase;
			buildActionMask = 2147483647;
			files = (
				E96E7E3618F89CF900D4920D /* JamesSmithTests.m in Sources */,
			);
			runOnlyForDeploymentPostprocessing = 0;
		};
/* End PBXSourcesBuildPhase section */

/* Begin PBXTargetDependency section */
		E96E7E2E18F89CF900D4920D /* PBXTargetDependency */ = {
			isa = PBXTargetDependency;
			target = E96E7E0618F89CF900D4920D /* JamesSmith */;
			targetProxy = E96E7E2D18F89CF900D4920D /* PBXContainerItemProxy */;
		};
/* End PBXTargetDependency section */

/* Begin PBXVariantGroup section */
		E96E7E1318F89CF900D4920D /* InfoPlist.strings */ = {
			isa = PBXVariantGroup;
			children = (
				E96E7E1418F89CF900D4920D /* en */,
			);
			name = InfoPlist.strings;
			sourceTree = "<group>";
		};
		E96E7E1C18F89CF900D4920D /* Main.storyboard */ = {
			isa = PBXVariantGroup;
			children = (
				E96E7E1D18F89CF900D4920D /* Base */,
			);
			name = Main.storyboard;
			sourceTree = "<group>";
		};
		E96E7E3218F89CF900D4920D /* InfoPlist.strings */ = {
			isa = PBXVariantGroup;
			children = (
				E96E7E3318F89CF900D4920D /* en */,
			);
			name = InfoPlist.strings;
			sourceTree = "<group>";
		};
/* End PBXVariantGroup section */

/* Begin XCBuildConfiguration section */
		E96E7E3718F89CF900D4920D /* Debug */ = {
			isa = XCBuildConfiguration;
			buildSettings = {
				ALWAYS_SEARCH_USER_PATHS = NO;
				CLANG_CXX_LANGUAGE_STANDARD = "gnu++0x";
				CLANG_CXX_LIBRARY = "libc++";
				CLANG_ENABLE_MODULES = YES;
				CLANG_ENABLE_OBJC_ARC = YES;
				CLANG_WARN_BOOL_CONVERSION = YES;
				CLANG_WARN_CONSTANT_CONVERSION = YES;
				CLANG_WARN_DIRECT_OBJC_ISA_USAGE = YES_ERROR;
				CLANG_WARN_EMPTY_BODY = YES;
				CLANG_WARN_ENUM_CONVERSION = YES;
				CLANG_WARN_INT_CONVERSION = YES;
				CLANG_WARN_OBJC_ROOT_CLASS = YES_ERROR;
				CLANG_WARN__DUPLICATE_METHOD_MATCH = YES;
				"CODE_SIGN_IDENTITY[sdk=iphoneos*]" = "iPhone Developer";
				COPY_PHASE_STRIP = NO;
				GCC_C_LANGUAGE_STANDARD = gnu99;
				GCC_DYNAMIC_NO_PIC = NO;
				GCC_OPTIMIZATION_LEVEL = 0;
				GCC_PREPROCESSOR_DEFINITIONS = (
					"DEBUG=1",
					"$(inherited)",
				);
				GCC_SYMBOLS_PRIVATE_EXTERN = NO;
				GCC_WARN_64_TO_32_BIT_CONVERSION = YES;
				GCC_WARN_ABOUT_RETURN_TYPE = YES_ERROR;
				GCC_WARN_UNDECLARED_SELECTOR = YES;
				GCC_WARN_UNINITIALIZED_AUTOS = YES_AGGRESSIVE;
				GCC_WARN_UNUSED_FUNCTION = YES;
				GCC_WARN_UNUSED_VARIABLE = YES;
				IPHONEOS_DEPLOYMENT_TARGET = 7.1;
				ONLY_ACTIVE_ARCH = YES;
				SDKROOT = iphoneos;
			};
			name = Debug;
		};
		E96E7E3818F89CF900D4920D /* Release */ = {
			isa = XCBuildConfiguration;
			buildSettings = {
				ALWAYS_SEARCH_USER_PATHS = NO;
				CLANG_CXX_LANGUAGE_STANDARD = "gnu++0x";
				CLANG_CXX_LIBRARY = "libc++";
				CLANG_ENABLE_MODULES = YES;
				CLANG_ENABLE_OBJC_ARC = YES;
				CLANG_WARN_BOOL_CONVERSION = YES;
				CLANG_WARN_CONSTANT_CONVERSION = YES;
				CLANG_WARN_DIRECT_OBJC_ISA_USAGE = YES_ERROR;
				CLANG_WARN_EMPTY_BODY = YES;
				CLANG_WARN_ENUM_CONVERSION = YES;
				CLANG_WARN_INT_CONVERSION = YES;
				CLANG_WARN_OBJC_ROOT_CLASS = YES_ERROR;
				CLANG_WARN__DUPLICATE_METHOD_MATCH = YES;
				"CODE_SIGN_IDENTITY[sdk=iphoneos*]" = "iPhone Developer";
				COPY_PHASE_STRIP = YES;
				ENABLE_NS_ASSERTIONS = NO;
				GCC_C_LANGUAGE_STANDARD = gnu99;
				GCC_WARN_64_TO_32_BIT_CONVERSION = YES;
				GCC_WARN_ABOUT_RETURN_TYPE = YES_ERROR;
				GCC_WARN_UNDECLARED_SELECTOR = YES;
				GCC_WARN_UNINITIALIZED_AUTOS = YES_AGGRESSIVE;
				GCC_WARN_UNUSED_FUNCTION = YES;
				GCC_WARN_UNUSED_VARIABLE = YES;
				IPHONEOS_DEPLOYMENT_TARGET = 7.1;
				SDKROOT = iphoneos;
				VALIDATE_PRODUCT = YES;
			};
			name = Release;
		};
		E96E7E3A18F89CF900D4920D /* Debug */ = {
			isa = XCBuildConfiguration;
			buildSettings = {
				ASSETCATALOG_COMPILER_APPICON_NAME = AppIcon;
				ASSETCATALOG_COMPILER_LAUNCHIMAGE_NAME = LaunchImage;
				FRAMEWORK_SEARCH_PATHS = (
					"$(inherited)",
					"$(PROJECT_DIR)",
				);
				GCC_PRECOMPILE_PREFIX_HEADER = YES;
				GCC_PREFIX_HEADER = "JamesSmith/JamesSmith-Prefix.pch";
				INFOPLIST_FILE = "JamesSmith/JamesSmith-Info.plist";
				LIBRARY_SEARCH_PATHS = (
					"$(inherited)",
					"$(PROJECT_DIR)/JamesSmith/libs",
				);
				PRODUCT_NAME = "$(TARGET_NAME)";
				WRAPPER_EXTENSION = app;
			};
			name = Debug;
		};
		E96E7E3B18F89CF900D4920D /* Release */ = {
			isa = XCBuildConfiguration;
			buildSettings = {
				ASSETCATALOG_COMPILER_APPICON_NAME = AppIcon;
				ASSETCATALOG_COMPILER_LAUNCHIMAGE_NAME = LaunchImage;
				FRAMEWORK_SEARCH_PATHS = (
					"$(inherited)",
					"$(PROJECT_DIR)",
				);
				GCC_PRECOMPILE_PREFIX_HEADER = YES;
				GCC_PREFIX_HEADER = "JamesSmith/JamesSmith-Prefix.pch";
				INFOPLIST_FILE = "JamesSmith/JamesSmith-Info.plist";
				LIBRARY_SEARCH_PATHS = (
					"$(inherited)",
					"$(PROJECT_DIR)/JamesSmith/libs",
				);
				PRODUCT_NAME = "$(TARGET_NAME)";
				WRAPPER_EXTENSION = app;
			};
			name = Release;
		};
		E96E7E3D18F89CF900D4920D /* Debug */ = {
			isa = XCBuildConfiguration;
			buildSettings = {
				BUNDLE_LOADER = "$(BUILT_PRODUCTS_DIR)/JamesSmith.app/JamesSmith";
				FRAMEWORK_SEARCH_PATHS = (
					"$(SDKROOT)/Developer/Library/Frameworks",
					"$(inherited)",
					"$(DEVELOPER_FRAMEWORKS_DIR)",
				);
				GCC_PRECOMPILE_PREFIX_HEADER = YES;
				GCC_PREFIX_HEADER = "JamesSmith/JamesSmith-Prefix.pch";
				GCC_PREPROCESSOR_DEFINITIONS = (
					"DEBUG=1",
					"$(inherited)",
				);
				INFOPLIST_FILE = "JamesSmithTests/JamesSmithTests-Info.plist";
				PRODUCT_NAME = "$(TARGET_NAME)";
				TEST_HOST = "$(BUNDLE_LOADER)";
				WRAPPER_EXTENSION = xctest;
			};
			name = Debug;
		};
		E96E7E3E18F89CF900D4920D /* Release */ = {
			isa = XCBuildConfiguration;
			buildSettings = {
				BUNDLE_LOADER = "$(BUILT_PRODUCTS_DIR)/JamesSmith.app/JamesSmith";
				FRAMEWORK_SEARCH_PATHS = (
					"$(SDKROOT)/Developer/Library/Frameworks",
					"$(inherited)",
					"$(DEVELOPER_FRAMEWORKS_DIR)",
				);
				GCC_PRECOMPILE_PREFIX_HEADER = YES;
				GCC_PREFIX_HEADER = "JamesSmith/JamesSmith-Prefix.pch";
				INFOPLIST_FILE = "JamesSmithTests/JamesSmithTests-Info.plist";
				PRODUCT_NAME = "$(TARGET_NAME)";
				TEST_HOST = "$(BUNDLE_LOADER)";
				WRAPPER_EXTENSION = xctest;
			};
			name = Release;
		};
/* End XCBuildConfiguration section */

/* Begin XCConfigurationList section */
		E96E7E0218F89CF900D4920D /* Build configuration list for PBXProject "JamesSmith" */ = {
			isa = XCConfigurationList;
			buildConfigurations = (
				E96E7E3718F89CF900D4920D /* Debug */,
				E96E7E3818F89CF900D4920D /* Release */,
			);
			defaultConfigurationIsVisible = 0;
			defaultConfigurationName = Release;
		};
		E96E7E3918F89CF900D4920D /* Build configuration list for PBXNativeTarget "JamesSmith" */ = {
			isa = XCConfigurationList;
			buildConfigurations = (
				E96E7E3A18F89CF900D4920D /* Debug */,
				E96E7E3B18F89CF900D4920D /* Release */,
			);
			defaultConfigurationIsVisible = 0;
			defaultConfigurationName = Release;
		};
		E96E7E3C18F89CF900D4920D /* Build configuration list for PBXNativeTarget "JamesSmithTests" */ = {
			isa = XCConfigurationList;
			buildConfigurations = (
				E96E7E3D18F89CF900D4920D /* Debug */,
				E96E7E3E18F89CF900D4920D /* Release */,
			);
			defaultConfigurationIsVisible = 0;
			defaultConfigurationName = Release;
		};
/* End XCConfigurationList section */
	};
	rootObject = E96E7DFF18F89CF900D4920D /* Project object */;
}
